{
  "requires": true,
  "lockfileVersion": 1,
  "dependencies": {
    "@types/node": {
      "version": "9.4.6",
      "resolved": "http://registry.npm.taobao.org/@types/node/download/@types/node-9.4.6.tgz",
      "integrity": "sha1-2Bdthk7kh1PQU3g+TkY67Ia42C4="
    },
    "@types/socket.io": {
      "version": "1.4.31",
      "resolved": "http://registry.npm.taobao.org/@types/socket.io/download/@types/socket.io-1.4.31.tgz",
      "integrity": "sha1-epKFGKNVFvzNkEMflFOO0/3auhk=",
      "requires": {
        "@types/node": "9.4.6"
      }
    }
  }
}
